{
  "name": "nfccard-tool",
  "version": "0.0.6",
  "lockfileVersion": 1,
  "requires": true,
  "dependencies": {
    "@pokusew/pcsclite": {
      "version": "0.4.18",
      "resolved": "https://registry.npmjs.org/@pokusew/pcsclite/-/pcsclite-0.4.18.tgz",
      "integrity": "sha1-HcwwiWB4qU+5GG/B01rWIuW7mI8=",
      "requires": {
        "bindings": "1.3.0",
        "nan": "2.8.0"
      }
    },
    "@taptrack/ndef": {
      "version": "1.0.3",
      "resolved": "https://registry.npmjs.org/@taptrack/ndef/-/ndef-1.0.3.tgz",
      "integrity": "sha1-OEQ0HM/2+XwvCp9rVOP1c4yjQb4="
    },
    "bindings": {
      "version": "1.3.0",
      "resolved": "https://registry.npmjs.org/bindings/-/bindings-1.3.0.tgz",
      "integrity": "sha512-DpLh5EzMR2kzvX1KIlVC0VkC3iZtHKTgdtZ0a3pglBZdaQFjt5S9g9xd1lE+YvXyfd6mtCeRnrUfOLYiTMlNSw=="
    },
    "nan": {
      "version": "2.8.0",
      "resolved": "https://registry.npmjs.org/nan/-/nan-2.8.0.tgz",
      "integrity": "sha1-7XFfP+neArV6XmJS2QqWZ14fCFo="
    },
    "ndef-lib": {
      "version": "0.0.7",
      "resolved": "https://registry.npmjs.org/ndef-lib/-/ndef-lib-0.0.7.tgz",
      "integrity": "sha512-bP0z5AZy7brNOHJbbxPYPriIBrW40bBzC0v2JHigJUB9EvBUbobYEDwfQCL0zvKXggSkWDyR419X1TB1cKNy2A==",
      "requires": {
        "requirejs": "2.3.5"
      }
    },
    "nfc-pcsc": {
      "version": "0.6.1",
      "resolved": "https://registry.npmjs.org/nfc-pcsc/-/nfc-pcsc-0.6.1.tgz",
      "integrity": "sha1-qSPgHIaZ4aidixmli5DuNohlOvc=",
      "requires": {
        "@pokusew/pcsclite": "0.4.18"
      }
    },
    "requirejs": {
      "version": "2.3.5",
      "resolved": "https://registry.npmjs.org/requirejs/-/requirejs-2.3.5.tgz",
      "integrity": "sha512-svnO+aNcR/an9Dpi44C7KSAy5fFGLtmPbaaCeQaklUz8BQhS64tWWIIlvEA5jrWICzlO/X9KSzSeXFnZdBu8nw=="
    }
  }
}
